aiohttp==3.9.0
aiosignal==1.4.0
aiosqlite==0.19.0
albucore==0.0.33
albumentations==1.4.3
alpha-vantage==2.3.1
annotated-types==0.7.0
anthropic==0.7.0
anyio==3.7.1
appdirs==1.4.4
asgiref==3.10.0
asyncio-contextmanager==1.0.1
attrs==25.4.0
babel==2.17.0
backoff==2.2.1
bcrypt==5.0.0
beautifulsoup4==4.12.2
black==23.12.0
Brotli==1.1.0
build==1.3.0
cachetools==6.2.1
cattrs==25.3.0
certifi==2025.8.3
cffi==2.0.0
charset-normalizer==3.4.4
chroma-hnswlib==0.7.3
chromadb==0.4.22
click==8.3.0
coloredlogs==15.0.1
courlan==1.3.2
coverage==7.11.0
cryptography==46.0.3
Cython==3.1.6
dataclasses-json==0.6.7
dateparser==1.2.2
ddgs==9.6.0
Deprecated==1.3.1
dirtyjson==1.0.8
distro==1.9.0
duckduckgo_search==8.1.1
durationpy==0.10
fastapi==0.104.1
filelock==3.20.0
fire==0.7.1
flake8==6.1.0
flatbuffers==25.9.23
fonttools==4.60.1
frozendict==2.4.6
frozenlist==1.8.0
fsspec==2025.9.0
geojson==2.5.0
google-ai-generativelanguage==0.6.15
google-api-core==2.28.1
google-api-python-client==2.186.0
google-auth==2.42.1
google-auth-httplib2==0.2.1
google-generativeai==0.8.5
google_search_results==2.4.2
googleapis-common-protos==1.71.0
greenlet==3.2.4
grpcio==1.76.0
grpcio-status==1.71.2
h11==0.14.0
h2==4.3.0
hf-xet==1.1.10
hpack==4.1.0
html5lib==1.1
htmldate==1.9.3
httpcore==0.17.3
httplib2==0.31.0
httptools==0.6.4
httpx==0.24.1
huggingface-hub==0.35.3
humanfriendly==10.0
hyperframe==6.1.0
idna==3.10
imageio==2.37.0
importlib_metadata==8.7.0
importlib_resources==6.5.2
iniconfig==2.3.0
Jinja2==3.1.2
jiter==0.11.0
joblib==1.5.2
jsonpatch==1.33
jsonpointer==3.0.0
jusText==3.0.2
kubernetes==34.1.0
langchain==0.2.5
langchain-community==0.2.5
langchain-core==0.2.8
langchain-text-splitters==0.2.1
langsmith==0.1.81
lazy_loader==0.4
llama-index==0.9.48
llama-index-core==0.10.68.post1
llama-index-embeddings-huggingface==0.1.5
lmdb==1.7.5
lxml==5.4.0
lxml_html_clean==0.4.3
Markdown==3.5.1
markdown-it-py==4.0.0
MarkupSafe==3.0.3
marshmallow==3.26.1
mccabe==0.7.0
mdurl==0.1.2
mmh3==5.2.0
mpmath==1.3.0
multidict==6.7.0
multitasking==0.0.12
mypy==1.7.0
mypy_extensions==1.1.0
nest-asyncio==1.6.0
networkx==3.5
nltk==3.9.2
numpy==1.26.4
oauthlib==3.3.1
onnxruntime==1.23.2
openai==1.3.0
opencv-contrib-python==4.11.0.86
opencv-python==4.11.0.86
opencv-python-headless==4.11.0.86
openrouteservice==2.3.3
opentelemetry-api==1.38.0
opentelemetry-exporter-otlp-proto-common==1.38.0
opentelemetry-exporter-otlp-proto-grpc==1.38.0
opentelemetry-instrumentation==0.59b0
opentelemetry-instrumentation-asgi==0.59b0
opentelemetry-instrumentation-fastapi==0.59b0
opentelemetry-proto==1.38.0
opentelemetry-sdk==1.38.0
opentelemetry-semantic-conventions==0.59b0
opentelemetry-util-http==0.59b0
opt-einsum==3.3.0
orjson==3.11.4
overrides==7.7.0
packaging==24.2
paddleocr==2.10.0
paddlepaddle==3.2.1
pandas==2.3.3
pathspec==0.12.1
pdfminer.six==20221105
pdfplumber==0.10.3
peewee==3.18.2
pillow==12.0.0
platformdirs==4.5.0
pluggy==1.6.0
posthog==6.7.11
primp==0.15.0
prompt-toolkit==3.0.43
propcache==0.4.1
proto-plus==1.26.1
protobuf==5.29.5
pulsar-client==3.8.0
pyasn1==0.6.1
pyasn1_modules==0.4.2
pyclipper==1.3.0.post6
pycodestyle==2.11.1
pycparser==2.23
pydantic==2.5.0
pydantic-settings==2.1.0
pydantic_core==2.14.1
pyflakes==3.1.0
Pygments==2.17.2
pymdown-extensions==10.5
PyMuPDF==1.23.8
PyMuPDFb==1.23.7
pyowm==3.3.0
pyparsing==3.2.5
pypdf==3.17.4
pypdfium2==5.0.0
PyPika==0.48.9
pyproject_hooks==1.2.0
PySocks==1.7.1
pytest==7.4.3
pytest-asyncio==0.21.1
pytest-cov==4.1.0
python-dateutil==2.9.0.post0
python-docx==1.1.0
python-dotenv==1.0.0
python-multipart==0.0.6
pytz==2025.2
PyYAML==6.0.1
RapidFuzz==3.14.3
regex==2025.9.18
requests==2.31.0
requests-cache==1.1.1
requests-oauthlib==2.0.0
rich==13.7.0
rsa==4.9.1
safetensors==0.6.2
scikit-image==0.25.2
scikit-learn==1.7.2
scipy==1.16.3
sentence-transformers==2.3.1
sentencepiece==0.2.1
setuptools==80.9.0
shapely==2.1.2
shellingham==1.5.4
simsimd==6.5.3
six==1.17.0
sniffio==1.3.1
socksio==1.0.0
soupsieve==2.8
SQLAlchemy==2.0.44
sse-starlette==1.8.2
starlette==0.27.0
stringzilla==4.2.3
sympy==1.14.0
tenacity==8.2.3
termcolor==3.2.0
threadpoolctl==3.6.0
tifffile==2025.10.16
tiktoken==0.12.0
tld==0.13.1
tokenizers==0.15.2
torch==2.2.0
tqdm==4.67.1
trafilatura==1.6.0
transformers==4.37.2
typer==0.9.0
typing-inspect==0.9.0
typing-inspection==0.4.2
typing_extensions==4.15.0
tzdata==2025.2
tzlocal==5.3.1
uritemplate==4.2.0
url-normalize==2.2.1
urllib3==2.3.0
uvicorn==0.24.0
uvloop==0.21.0
watchfiles==1.1.0
wcwidth==0.2.14
webencodings==0.5.1
websocket-client==1.9.0
websockets==15.0.1
wheel==0.45.1
wrapt==1.17.3
yarl==1.22.0
yfinance==0.2.35
zipp==3.23.0
